// !$*UTF8*$!
{
	archiveVersion = 1;
	classes = {
	};
	objectVersion = 55;
	objects = {

/* Begin PBXBuildFile section */
		EF7D739A27AD2F45009E3735 /* PersonListSwiftUIApp.swift in Sources */ = {isa = PBXBuildFile; fileRef = EF7D739927AD2F45009E3735 /* PersonListSwiftUIApp.swift */; };
		EF7D739C27AD2F45009E3735 /* ContentView.swift in Sources */ = {isa = PBXBuildFile; fileRef = EF7D739B27AD2F45009E3735 /* ContentView.swift */; };
		EF7D739E27AD2F46009E3735 /* Assets.xcassets in Resources */ = {isa = PBXBuildFile; fileRef = EF7D739D27AD2F46009E3735 /* Assets.xcassets */; };
		EF7D73A127AD2F46009E3735 /* Preview Assets.xcassets in Resources */ = {isa = PBXBuildFile; fileRef = EF7D73A027AD2F46009E3735 /* Preview Assets.xcassets */; };
		EF7D73A827AD2FD5009E3735 /* DataManager.swift in Sources */ = {isa = PBXBuildFile; fileRef = EF7D73A727AD2FD5009E3735 /* DataManager.swift */; };
		EF7D73AA27AD305F009E3735 /* Person.swift in Sources */ = {isa = PBXBuildFile; fileRef = EF7D73A927AD305F009E3735 /* Person.swift */; };
		EF7D73AC27AD3DF8009E3735 /* Contacts.swift in Sources */ = {isa = PBXBuildFile; fileRef = EF7D73AB27AD3DF8009E3735 /* Contacts.swift */; };
		EF7D73AE27AD440F009E3735 /* Detail.swift in Sources */ = {isa = PBXBuildFile; fileRef = EF7D73AD27AD440F009E3735 /* Detail.swift */; };
		EF7D73B027AE641C009E3735 /* Numbers.swift in Sources */ = {isa = PBXBuildFile; fileRef = EF7D73AF27AE641C009E3735 /* Numbers.swift */; };
		EF7D73B227AE9D12009E3735 /* RowView.swift in Sources */ = {isa = PBXBuildFile; fileRef = EF7D73B127AE9D12009E3735 /* RowView.swift */; };
/* End PBXBuildFile section */

/* Begin PBXFileReference section */
		EF7D739627AD2F45009E3735 /* PersonListSwiftUI.app */ = {isa = PBXFileReference; explicitFileType = wrapper.application; includeInIndex = 0; path = PersonListSwiftUI.app; sourceTree = BUILT_PRODUCTS_DIR; };
		EF7D739927AD2F45009E3735 /* PersonListSwiftUIApp.swift */ = {isa = PBXFileReference; lastKnownFileType = sourcecode.swift; path = PersonListSwiftUIApp.swift; sourceTree = "<group>"; };
		EF7D739B27AD2F45009E3735 /* ContentView.swift */ = {isa = PBXFileReference; lastKnownFileType = sourcecode.swift; path = ContentView.swift; sourceTree = "<group>"; };
		EF7D739D27AD2F46009E3735 /* Assets.xcassets */ = {isa = PBXFileReference; lastKnownFileType = folder.assetcatalog; path = Assets.xcassets; sourceTree = "<group>"; };
		EF7D73A027AD2F46009E3735 /* Preview Assets.xcassets */ = {isa = PBXFileReference; lastKnownFileType = folder.assetcatalog; path = "Preview Assets.xcassets"; sourceTree = "<group>"; };
		EF7D73A727AD2FD5009E3735 /* DataManager.swift */ = {isa = PBXFileReference; lastKnownFileType = sourcecode.swift; path = DataManager.swift; sourceTree = "<group>"; };
		EF7D73A927AD305F009E3735 /* Person.swift */ = {isa = PBXFileReference; lastKnownFileType = sourcecode.swift; path = Person.swift; sourceTree = "<group>"; };
		EF7D73AB27AD3DF8009E3735 /* Contacts.swift */ = {isa = PBXFileReference; lastKnownFileType = sourcecode.swift; path = Contacts.swift; sourceTree = "<group>"; };
		EF7D73AD27AD440F009E3735 /* Detail.swift */ = {isa = PBXFileReference; lastKnownFileType = sourcecode.swift; path = Detail.swift; sourceTree = "<group>"; };
		EF7D73AF27AE641C009E3735 /* Numbers.swift */ = {isa = PBXFileReference; lastKnownFileType = sourcecode.swift; path = Numbers.swift; sourceTree = "<group>"; };
		EF7D73B127AE9D12009E3735 /* RowView.swift */ = {isa = PBXFileReference; lastKnownFileType = sourcecode.swift; path = RowView.swift; sourceTree = "<group>"; };
/* End PBXFileReference section */

/* Begin PBXFrameworksBuildPhase section */
		EF7D739327AD2F45009E3735 /* Frameworks */ = {
			isa = PBXFrameworksBuildPhase;
			buildActionMask = 2147483647;
			files = (
			);
			runOnlyForDeploymentPostprocessing = 0;
		};
/* End PBXFrameworksBuildPhase section */

/* Begin PBXGroup section */
		EF7D738D27AD2F45009E3735 = {
			isa = PBXGroup;
			children = (
				EF7D739827AD2F45009E3735 /* PersonListSwiftUI */,
				EF7D739727AD2F45009E3735 /* Products */,
			);
			sourceTree = "<group>";
		};
		EF7D739727AD2F45009E3735 /* Products */ = {
			isa = PBXGroup;
			children = (
				EF7D739627AD2F45009E3735 /* PersonListSwiftUI.app */,
			);
			name = Products;
			sourceTree = "<group>";
		};
		EF7D739827AD2F45009E3735 /* PersonListSwiftUI */ = {
			isa = PBXGroup;
			children = (
				EF7D73B527AEA1B8009E3735 /* App */,
				EF7D73B727AEA1EC009E3735 /* Views */,
				EF7D73B327AEA180009E3735 /* Services */,
				EF7D73B427AEA193009E3735 /* Models */,
				EF7D73B627AEA1D0009E3735 /* Resources */,
				EF7D739F27AD2F46009E3735 /* Preview Content */,
			);
			path = PersonListSwiftUI;
			sourceTree = "<group>";
		};
		EF7D739F27AD2F46009E3735 /* Preview Content */ = {
			isa = PBXGroup;
			children = (
				EF7D73A027AD2F46009E3735 /* Preview Assets.xcassets */,
			);
			path = "Preview Content";
			sourceTree = "<group>";
		};
		EF7D73B327AEA180009E3735 /* Services */ = {
			isa = PBXGroup;
			children = (
				EF7D73A727AD2FD5009E3735 /* DataManager.swift */,
			);
			path = Services;
			sourceTree = "<group>";
		};
		EF7D73B427AEA193009E3735 /* Models */ = {
			isa = PBXGroup;
			children = (
				EF7D73A927AD305F009E3735 /* Person.swift */,
			);
			path = Models;
			sourceTree = "<group>";
		};
		EF7D73B527AEA1B8009E3735 /* App */ = {
			isa = PBXGroup;
			children = (
				EF7D739927AD2F45009E3735 /* PersonListSwiftUIApp.swift */,
			);
			path = App;
			sourceTree = "<group>";
		};
		EF7D73B627AEA1D0009E3735 /* Resources */ = {
			isa = PBXGroup;
			children = (
				EF7D739D27AD2F46009E3735 /* Assets.xcassets */,
			);
			path = Resources;
			sourceTree = "<group>";
		};
		EF7D73B727AEA1EC009E3735 /* Views */ = {
			isa = PBXGroup;
			children = (
				EF7D739B27AD2F45009E3735 /* ContentView.swift */,
				EF7D73AB27AD3DF8009E3735 /* Contacts.swift */,
				EF7D73AD27AD440F009E3735 /* Detail.swift */,
				EF7D73AF27AE641C009E3735 /* Numbers.swift */,
				EF7D73B127AE9D12009E3735 /* RowView.swift */,
			);
			path = Views;
			sourceTree = "<group>";
		};
/* End PBXGroup section */

/* Begin PBXNativeTarget section */
		EF7D739527AD2F45009E3735 /* PersonListSwiftUI */ = {
			isa = PBXNativeTarget;
			buildConfigurationList = EF7D73A427AD2F46009E3735 /* Build configuration list for PBXNativeTarget "PersonListSwiftUI" */;
			buildPhases = (
				EF7D739227AD2F45009E3735 /* Sources */,
				EF7D739327AD2F45009E3735 /* Frameworks */,
				EF7D739427AD2F45009E3735 /* Resources */,
			);
			buildRules = (
			);
			dependencies = (
			);
			name = PersonListSwiftUI;
			productName = PersonListSwiftUI;
			productReference = EF7D739627AD2F45009E3735 /* PersonListSwiftUI.app */;
			productType = "com.apple.product-type.application";
		};
/* End PBXNativeTarget section */

/* Begin PBXProject section */
		EF7D738E27AD2F45009E3735 /* Project object */ = {
			isa = PBXProject;
			attributes = {
				BuildIndependentTargetsInParallel = 1;
				LastSwiftUpdateCheck = 1320;
				LastUpgradeCheck = 1320;
				TargetAttributes = {
					EF7D739527AD2F45009E3735 = {
						CreatedOnToolsVersion = 13.2.1;
					};
				};
			};
			buildConfigurationList = EF7D739127AD2F45009E3735 /* Build configuration list for PBXProject "PersonListSwiftUI" */;
			compatibilityVersion = "Xcode 13.0";
			developmentRegion = en;
			hasScannedForEncodings = 0;
			knownRegions = (
				en,
				Base,
			);
			mainGroup = EF7D738D27AD2F45009E3735;
			productRefGroup = EF7D739727AD2F45009E3735 /* Products */;
			projectDirPath = "";
			projectRoot = "";
			targets = (
				EF7D739527AD2F45009E3735 /* PersonListSwiftUI */,
			);
		};
/* End PBXProject section */

/* Begin PBXResourcesBuildPhase section */
		EF7D739427AD2F45009E3735 /* Resources */ = {
			isa = PBXResourcesBuildPhase;
			buildActionMask = 2147483647;
			files = (
				EF7D73A127AD2F46009E3735 /* Preview Assets.xcassets in Resources */,
				EF7D739E27AD2F46009E3735 /* Assets.xcassets in Resources */,
			);
			runOnlyForDeploymentPostprocessing = 0;
		};
/* End PBXResourcesBuildPhase section */

/* Begin PBXSourcesBuildPhase section */
		EF7D739227AD2F45009E3735 /* Sources */ = {
			isa = PBXSourcesBuildPhase;
			buildActionMask = 2147483647;
			files = (
				EF7D739C27AD2F45009E3735 /* ContentView.swift in Sources */,
				EF7D73A827AD2FD5009E3735 /* DataManager.swift in Sources */,
				EF7D73AE27AD440F009E3735 /* Detail.swift in Sources */,
				EF7D73B227AE9D12009E3735 /* RowView.swift in Sources */,
				EF7D73AA27AD305F009E3735 /* Person.swift in Sources */,
				EF7D739A27AD2F45009E3735 /* PersonListSwiftUIApp.swift in Sources */,
				EF7D73AC27AD3DF8009E3735 /* Contacts.swift in Sources */,
				EF7D73B027AE641C009E3735 /* Numbers.swift in Sources */,
			);
			runOnlyForDeploymentPostprocessing = 0;
		};
/* End PBXSourcesBuildPhase section */

/* Begin XCBuildConfiguration section */
		EF7D73A227AD2F46009E3735 /* Debug */ = {
			isa = XCBuildConfiguration;
			buildSettings = {
				ALWAYS_SEARCH_USER_PATHS = NO;
				CLANG_ANALYZER_NONNULL = YES;
				CLANG_ANALYZER_NUMBER_OBJECT_CONVERSION = YES_AGGRESSIVE;
				CLANG_CXX_LANGUAGE_STANDARD = "gnu++17";
				CLANG_CXX_LIBRARY = "libc++";
				CLANG_ENABLE_MODULES = YES;
				CLANG_ENABLE_OBJC_ARC = YES;
				CLANG_ENABLE_OBJC_WEAK = YES;
				CLANG_WARN_BLOCK_CAPTURE_AUTORELEASING = YES;
				CLANG_WARN_BOOL_CONVERSION = YES;
				CLANG_WARN_COMMA = YES;
				CLANG_WARN_CONSTANT_CONVERSION = YES;
				CLANG_WARN_DEPRECATED_OBJC_IMPLEMENTATIONS = YES;
				CLANG_WARN_DIRECT_OBJC_ISA_USAGE = YES_ERROR;
				CLANG_WARN_DOCUMENTATION_COMMENTS = YES;
				CLANG_WARN_EMPTY_BODY = YES;
				CLANG_WARN_ENUM_CONVERSION = YES;
				CLANG_WARN_INFINITE_RECURSION = YES;
				CLANG_WARN_INT_CONVERSION = YES;
				CLANG_WARN_NON_LITERAL_NULL_CONVERSION = YES;
				CLANG_WARN_OBJC_IMPLICIT_RETAIN_SELF = YES;
				CLANG_WARN_OBJC_LITERAL_CONVERSION = YES;
				CLANG_WARN_OBJC_ROOT_CLASS = YES_ERROR;
				CLANG_WARN_QUOTED_INCLUDE_IN_FRAMEWORK_HEADER = YES;
				CLANG_WARN_RANGE_LOOP_ANALYSIS = YES;
				CLANG_WARN_STRICT_PROTOTYPES = YES;
				CLANG_WARN_SUSPICIOUS_MOVE = YES;
				CLANG_WARN_UNGUARDED_AVAILABILITY = YES_AGGRESSIVE;
				CLANG_WARN_UNREACHABLE_CODE = YES;
				CLANG_WARN__DUPLICATE_METHOD_MATCH = YES;
				COPY_PHASE_STRIP = NO;
				DEBUG_INFORMATION_FORMAT = dwarf;
				ENABLE_STRICT_OBJC_MSGSEND = YES;
				ENABLE_TESTABILITY = YES;
				GCC_C_LANGUAGE_STANDARD = gnu11;
				GCC_DYNAMIC_NO_PIC = NO;
				GCC_NO_COMMON_BLOCKS = YES;
				GCC_OPTIMIZATION_LEVEL = 0;
				GCC_PREPROCESSOR_DEFINITIONS = (
					"DEBUG=1",
					"$(inherited)",
				);
				GCC_WARN_64_TO_32_BIT_CONVERSION = YES;
				GCC_WARN_ABOUT_RETURN_TYPE = YES_ERROR;
				GCC_WARN_UNDECLARED_SELECTOR = YES;
				GCC_WARN_UNINITIALIZED_AUTOS = YES_AGGRESSIVE;
				GCC_WARN_UNUSED_FUNCTION = YES;
				GCC_WARN_UNUSED_VARIABLE = YES;
				IPHONEOS_DEPLOYMENT_TARGET = 15.2;
				MTL_ENABLE_DEBUG_INFO = INCLUDE_SOURCE;
				MTL_FAST_MATH = YES;
				ONLY_ACTIVE_ARCH = YES;
				SDKROOT = iphoneos;
				SWIFT_ACTIVE_COMPILATION_CONDITIONS = DEBUG;
				SWIFT_OPTIMIZATION_LEVEL = "-Onone";
			};
			name = Debug;
		};
		EF7D73A327AD2F46009E3735 /* Release */ = {
			isa = XCBuildConfiguration;
			buildSettings = {
				ALWAYS_SEARCH_USER_PATHS = NO;
				CLANG_ANALYZER_NONNULL = YES;
				CLANG_ANALYZER_NUMBER_OBJECT_CONVERSION = YES_AGGRESSIVE;
				CLANG_CXX_LANGUAGE_STANDARD = "gnu++17";
				CLANG_CXX_LIBRARY = "libc++";
				CLANG_ENABLE_MODULES = YES;
				CLANG_ENABLE_OBJC_ARC = YES;
				CLANG_ENABLE_OBJC_WEAK = YES;
				CLANG_WARN_BLOCK_CAPTURE_AUTORELEASING = YES;
				CLANG_WARN_BOOL_CONVERSION = YES;
				CLANG_WARN_COMMA = YES;
				CLANG_WARN_CONSTANT_CONVERSION = YES;
				CLANG_WARN_DEPRECATED_OBJC_IMPLEMENTATIONS = YES;
				CLANG_WARN_DIRECT_OBJC_ISA_USAGE = YES_ERROR;
				CLANG_WARN_DOCUMENTATION_COMMENTS = YES;
				CLANG_WARN_EMPTY_BODY = YES;
				CLANG_WARN_ENUM_CONVERSION = YES;
				CLANG_WARN_INFINITE_RECURSION = YES;
				CLANG_WARN_INT_CONVERSION = YES;
				CLANG_WARN_NON_LITERAL_NULL_CONVERSION = YES;
				CLANG_WARN_OBJC_IMPLICIT_RETAIN_SELF = YES;
				CLANG_WARN_OBJC_LITERAL_CONVERSION = YES;
				CLANG_WARN_OBJC_ROOT_CLASS = YES_ERROR;
				CLANG_WARN_QUOTED_INCLUDE_IN_FRAMEWORK_HEADER = YES;
				CLANG_WARN_RANGE_LOOP_ANALYSIS = YES;
				CLANG_WARN_STRICT_PROTOTYPES = YES;
				CLANG_WARN_SUSPICIOUS_MOVE = YES;
				CLANG_WARN_UNGUARDED_AVAILABILITY = YES_AGGRESSIVE;
				CLANG_WARN_UNREACHABLE_CODE = YES;
				CLANG_WARN__DUPLICATE_METHOD_MATCH = YES;
				COPY_PHASE_STRIP = NO;
				DEBUG_INFORMATION_FORMAT = "dwarf-with-dsym";
				ENABLE_NS_ASSERTIONS = NO;
				ENABLE_STRICT_OBJC_MSGSEND = YES;
				GCC_C_LANGUAGE_STANDARD = gnu11;
				GCC_NO_COMMON_BLOCKS = YES;
				GCC_WARN_64_TO_32_BIT_CONVERSION = YES;
				GCC_WARN_ABOUT_RETURN_TYPE = YES_ERROR;
				GCC_WARN_UNDECLARED_SELECTOR = YES;
				GCC_WARN_UNINITIALIZED_AUTOS = YES_AGGRESSIVE;
				GCC_WARN_UNUSED_FUNCTION = YES;
				GCC_WARN_UNUSED_VARIABLE = YES;
				IPHONEOS_DEPLOYMENT_TARGET = 15.2;
				MTL_ENABLE_DEBUG_INFO = NO;
				MTL_FAST_MATH = YES;
				SDKROOT = iphoneos;
				SWIFT_COMPILATION_MODE = wholemodule;
				SWIFT_OPTIMIZATION_LEVEL = "-O";
				VALIDATE_PRODUCT = YES;
			};
			name = Release;
		};
		EF7D73A527AD2F46009E3735 /* Debug */ = {
			isa = XCBuildConfiguration;
			buildSettings = {
				ASSETCATALOG_COMPILER_APPICON_NAME = AppIcon;
				ASSETCATALOG_COMPILER_GLOBAL_ACCENT_COLOR_NAME = AccentColor;
				CODE_SIGN_STYLE = Automatic;
				CURRENT_PROJECT_VERSION = 1;
				DEVELOPMENT_ASSET_PATHS = "\"PersonListSwiftUI/Preview Content\"";
				DEVELOPMENT_TEAM = 24LMK5CXTP;
				ENABLE_PREVIEWS = YES;
				GENERATE_INFOPLIST_FILE = YES;
				INFOPLIST_KEY_UIApplicationSceneManifest_Generation = YES;
				INFOPLIST_KEY_UIApplicationSupportsIndirectInputEvents = YES;
				INFOPLIST_KEY_UILaunchScreen_Generation = YES;
				INFOPLIST_KEY_UISupportedInterfaceOrientations_iPad = "UIInterfaceOrientationPortrait UIInterfaceOrientationPortraitUpsideDown UIInterfaceOrientationLandscapeLeft UIInterfaceOrientationLandscapeRight";
				INFOPLIST_KEY_UISupportedInterfaceOrientations_iPhone = "UIInterfaceOrientationPortrait UIInterfaceOrientationLandscapeLeft UIInterfaceOrientationLandscapeRight";
				LD_RUNPATH_SEARCH_PATHS = (
					"$(inherited)",
					"@executable_path/Frameworks",
				);
				MARKETING_VERSION = 1.0;
				PRODUCT_BUNDLE_IDENTIFIER = swift.PersonListSwiftUI;
				PRODUCT_NAME = "$(TARGET_NAME)";
				SWIFT_EMIT_LOC_STRINGS = YES;
				SWIFT_VERSION = 5.0;
				TARGETED_DEVICE_FAMILY = "1,2";
			};
			name = Debug;
		};
		EF7D73A627AD2F46009E3735 /* Release */ = {
			isa = XCBuildConfiguration;
			buildSettings = {
				ASSETCATALOG_COMPILER_APPICON_NAME = AppIcon;
				ASSETCATALOG_COMPILER_GLOBAL_ACCENT_COLOR_NAME = AccentColor;
				CODE_SIGN_STYLE = Automatic;
				CURRENT_PROJECT_VERSION = 1;
				DEVELOPMENT_ASSET_PATHS = "\"PersonListSwiftUI/Preview Content\"";
				DEVELOPMENT_TEAM = 24LMK5CXTP;
				ENABLE_PREVIEWS = YES;
				GENERATE_INFOPLIST_FILE = YES;
				INFOPLIST_KEY_UIApplicationSceneManifest_Generation = YES;
				INFOPLIST_KEY_UIApplicationSupportsIndirectInputEvents = YES;
				INFOPLIST_KEY_UILaunchScreen_Generation = YES;
				INFOPLIST_KEY_UISupportedInterfaceOrientations_iPad = "UIInterfaceOrientationPortrait UIInterfaceOrientationPortraitUpsideDown UIInterfaceOrientationLandscapeLeft UIInterfaceOrientationLandscapeRight";
				INFOPLIST_KEY_UISupportedInterfaceOrientations_iPhone = "UIInterfaceOrientationPortrait UIInterfaceOrientationLandscapeLeft UIInterfaceOrientationLandscapeRight";
				LD_RUNPATH_SEARCH_PATHS = (
					"$(inherited)",
					"@executable_path/Frameworks",
				);
				MARKETING_VERSION = 1.0;
				PRODUCT_BUNDLE_IDENTIFIER = swift.PersonListSwiftUI;
				PRODUCT_NAME = "$(TARGET_NAME)";
				SWIFT_EMIT_LOC_STRINGS = YES;
				SWIFT_VERSION = 5.0;
				TARGETED_DEVICE_FAMILY = "1,2";
			};
			name = Release;
		};
/* End XCBuildConfiguration section */

/* Begin XCConfigurationList section */
		EF7D739127AD2F45009E3735 /* Build configuration list for PBXProject "PersonListSwiftUI" */ = {
			isa = XCConfigurationList;
			buildConfigurations = (
				EF7D73A227AD2F46009E3735 /* Debug */,
				EF7D73A327AD2F46009E3735 /* Release */,
			);
			defaultConfigurationIsVisible = 0;
			defaultConfigurationName = Release;
		};
		EF7D73A427AD2F46009E3735 /* Build configuration list for PBXNativeTarget "PersonListSwiftUI" */ = {
			isa = XCConfigurationList;
			buildConfigurations = (
				EF7D73A527AD2F46009E3735 /* Debug */,
				EF7D73A627AD2F46009E3735 /* Release */,
			);
			defaultConfigurationIsVisible = 0;
			defaultConfigurationName = Release;
		};
/* End XCConfigurationList section */
	};
	rootObject = EF7D738E27AD2F45009E3735 /* Project object */;
}
